// !$*UTF8*$!
{
	archiveVersion = 1;
	classes = {
	};
	objectVersion = 51;
	objects = {

/* Begin PBXBuildFile section */
		933604CB24E9EC52003985B4 /* MangaTranslatorApp.swift in Sources */ = {isa = PBXBuildFile; fileRef = 933604CA24E9EC52003985B4 /* MangaTranslatorApp.swift */; };
		933604CF24E9EC54003985B4 /* Assets.xcassets in Resources */ = {isa = PBXBuildFile; fileRef = 933604CE24E9EC54003985B4 /* Assets.xcassets */; };
		933604DD24E9EC54003985B4 /* MangaTranslatorTests.swift in Sources */ = {isa = PBXBuildFile; fileRef = 933604DC24E9EC54003985B4 /* MangaTranslatorTests.swift */; };
		933604E824E9EC54003985B4 /* MangaTranslatorUITests.swift in Sources */ = {isa = PBXBuildFile; fileRef = 933604E724E9EC54003985B4 /* MangaTranslatorUITests.swift */; };
		933604FB24E9ECCE003985B4 /* TranslatedList.swift in Sources */ = {isa = PBXBuildFile; fileRef = 933604FA24E9ECCE003985B4 /* TranslatedList.swift */; };
		933604FD24E9F55F003985B4 /* TranslatedListCell.swift in Sources */ = {isa = PBXBuildFile; fileRef = 933604FC24E9F55F003985B4 /* TranslatedListCell.swift */; };
		9336050324E9F969003985B4 /* Translator.swift in Sources */ = {isa = PBXBuildFile; fileRef = 9336050224E9F969003985B4 /* Translator.swift */; };
		9336050724E9FA1C003985B4 /* ImagePicker.swift in Sources */ = {isa = PBXBuildFile; fileRef = 9336050624E9FA1C003985B4 /* ImagePicker.swift */; };
		9336050D24EA1E4A003985B4 /* DummyTranslator.swift in Sources */ = {isa = PBXBuildFile; fileRef = 9336050C24EA1E4A003985B4 /* DummyTranslator.swift */; };
		93403A4424EA298F00C4BF54 /* Preview Assets.xcassets in Resources */ = {isa = PBXBuildFile; fileRef = 93403A4324EA298F00C4BF54 /* Preview Assets.xcassets */; };
		93C7D32824EDC5A6002591B4 /* GoogleCloudTranslator.swift in Sources */ = {isa = PBXBuildFile; fileRef = 93C7D32724EDC5A5002591B4 /* GoogleCloudTranslator.swift */; };
		93C7D32C24EE11C4002591B4 /* ImagePreview.swift in Sources */ = {isa = PBXBuildFile; fileRef = 93C7D32B24EE11C4002591B4 /* ImagePreview.swift */; };
		93C7D32E24EF0329002591B4 /* MangaPage.swift in Sources */ = {isa = PBXBuildFile; fileRef = 93C7D32D24EF0329002591B4 /* MangaPage.swift */; };
		93C7D33024EF045C002591B4 /* MangaBook.swift in Sources */ = {isa = PBXBuildFile; fileRef = 93C7D32F24EF045C002591B4 /* MangaBook.swift */; };
		93C7D33624EF0CA9002591B4 /* MangaGallery.swift in Sources */ = {isa = PBXBuildFile; fileRef = 93C7D33524EF0CA9002591B4 /* MangaGallery.swift */; };
		93C7D33824EF13A1002591B4 /* PreviewData.swift in Sources */ = {isa = PBXBuildFile; fileRef = 93C7D33724EF13A1002591B4 /* PreviewData.swift */; };
		93C7D33A24EF1CDE002591B4 /* MangaPreview.swift in Sources */ = {isa = PBXBuildFile; fileRef = 93C7D33924EF1CDE002591B4 /* MangaPreview.swift */; };
		93C7D33E24EF1FA7002591B4 /* MangaDetailedView.swift in Sources */ = {isa = PBXBuildFile; fileRef = 93C7D33D24EF1FA7002591B4 /* MangaDetailedView.swift */; };
		93C7D34024EF224B002591B4 /* MangaCollection.swift in Sources */ = {isa = PBXBuildFile; fileRef = 93C7D33F24EF224B002591B4 /* MangaCollection.swift */; };
		93C7D34224EF2932002591B4 /* AddBookButton.swift in Sources */ = {isa = PBXBuildFile; fileRef = 93C7D34124EF2932002591B4 /* AddBookButton.swift */; };
		93C7D34424EF2AA1002591B4 /* AddPageButton.swift in Sources */ = {isa = PBXBuildFile; fileRef = 93C7D34324EF2AA1002591B4 /* AddPageButton.swift */; };
		93C7D34C24EF3163002591B4 /* Translation.swift in Sources */ = {isa = PBXBuildFile; fileRef = 93C7D34B24EF3163002591B4 /* Translation.swift */; };
		DC65B84658417E71622EA889 /* Pods_MangaTranslator.framework in Frameworks */ = {isa = PBXBuildFile; fileRef = 6754E6F12C8A3D0C9D08161F /* Pods_MangaTranslator.framework */; };
/* End PBXBuildFile section */

/* Begin PBXContainerItemProxy section */
		933604D924E9EC54003985B4 /* PBXContainerItemProxy */ = {
			isa = PBXContainerItemProxy;
			containerPortal = 933604BF24E9EC52003985B4 /* Project object */;
			proxyType = 1;
			remoteGlobalIDString = 933604C624E9EC52003985B4;
			remoteInfo = MangaTranslator;
		};
		933604E424E9EC54003985B4 /* PBXContainerItemProxy */ = {
			isa = PBXContainerItemProxy;
			containerPortal = 933604BF24E9EC52003985B4 /* Project object */;
			proxyType = 1;
			remoteGlobalIDString = 933604C624E9EC52003985B4;
			remoteInfo = MangaTranslator;
		};
/* End PBXContainerItemProxy section */

/* Begin PBXFileReference section */
		4ED1967BD8857202638F4ABC /* Pods-MangaTranslator.release.xcconfig */ = {isa = PBXFileReference; includeInIndex = 1; lastKnownFileType = text.xcconfig; name = "Pods-MangaTranslator.release.xcconfig"; path = "Target Support Files/Pods-MangaTranslator/Pods-MangaTranslator.release.xcconfig"; sourceTree = "<group>"; };
		6754E6F12C8A3D0C9D08161F /* Pods_MangaTranslator.framework */ = {isa = PBXFileReference; explicitFileType = wrapper.framework; includeInIndex = 0; path = Pods_MangaTranslator.framework; sourceTree = BUILT_PRODUCTS_DIR; };
		79195245142FCF26074C0BFB /* Pods-MangaTranslator.debug.xcconfig */ = {isa = PBXFileReference; includeInIndex = 1; lastKnownFileType = text.xcconfig; name = "Pods-MangaTranslator.debug.xcconfig"; path = "Target Support Files/Pods-MangaTranslator/Pods-MangaTranslator.debug.xcconfig"; sourceTree = "<group>"; };
		933604C724E9EC52003985B4 /* MangaTranslator.app */ = {isa = PBXFileReference; explicitFileType = wrapper.application; includeInIndex = 0; path = MangaTranslator.app; sourceTree = BUILT_PRODUCTS_DIR; };
		933604CA24E9EC52003985B4 /* MangaTranslatorApp.swift */ = {isa = PBXFileReference; lastKnownFileType = sourcecode.swift; path = MangaTranslatorApp.swift; sourceTree = "<group>"; };
		933604CE24E9EC54003985B4 /* Assets.xcassets */ = {isa = PBXFileReference; lastKnownFileType = folder.assetcatalog; path = Assets.xcassets; sourceTree = "<group>"; };
		933604D324E9EC54003985B4 /* Info.plist */ = {isa = PBXFileReference; lastKnownFileType = text.plist.xml; path = Info.plist; sourceTree = "<group>"; };
		933604D824E9EC54003985B4 /* MangaTranslatorTests.xctest */ = {isa = PBXFileReference; explicitFileType = wrapper.cfbundle; includeInIndex = 0; path = MangaTranslatorTests.xctest; sourceTree = BUILT_PRODUCTS_DIR; };
		933604DC24E9EC54003985B4 /* MangaTranslatorTests.swift */ = {isa = PBXFileReference; lastKnownFileType = sourcecode.swift; path = MangaTranslatorTests.swift; sourceTree = "<group>"; };
		933604DE24E9EC54003985B4 /* Info.plist */ = {isa = PBXFileReference; lastKnownFileType = text.plist.xml; path = Info.plist; sourceTree = "<group>"; };
		933604E324E9EC54003985B4 /* MangaTranslatorUITests.xctest */ = {isa = PBXFileReference; explicitFileType = wrapper.cfbundle; includeInIndex = 0; path = MangaTranslatorUITests.xctest; sourceTree = BUILT_PRODUCTS_DIR; };
		933604E724E9EC54003985B4 /* MangaTranslatorUITests.swift */ = {isa = PBXFileReference; lastKnownFileType = sourcecode.swift; path = MangaTranslatorUITests.swift; sourceTree = "<group>"; };
		933604E924E9EC54003985B4 /* Info.plist */ = {isa = PBXFileReference; lastKnownFileType = text.plist.xml; path = Info.plist; sourceTree = "<group>"; };
		933604FA24E9ECCE003985B4 /* TranslatedList.swift */ = {isa = PBXFileReference; lastKnownFileType = sourcecode.swift; path = TranslatedList.swift; sourceTree = "<group>"; };
		933604FC24E9F55F003985B4 /* TranslatedListCell.swift */ = {isa = PBXFileReference; lastKnownFileType = sourcecode.swift; path = TranslatedListCell.swift; sourceTree = "<group>"; };
		9336050224E9F969003985B4 /* Translator.swift */ = {isa = PBXFileReference; lastKnownFileType = sourcecode.swift; path = Translator.swift; sourceTree = "<group>"; };
		9336050624E9FA1C003985B4 /* ImagePicker.swift */ = {isa = PBXFileReference; lastKnownFileType = sourcecode.swift; path = ImagePicker.swift; sourceTree = "<group>"; };
		9336050C24EA1E4A003985B4 /* DummyTranslator.swift */ = {isa = PBXFileReference; lastKnownFileType = sourcecode.swift; path = DummyTranslator.swift; sourceTree = "<group>"; };
		93403A4324EA298F00C4BF54 /* Preview Assets.xcassets */ = {isa = PBXFileReference; lastKnownFileType = folder.assetcatalog; path = "Preview Assets.xcassets"; sourceTree = "<group>"; };
		93C7D32724EDC5A5002591B4 /* GoogleCloudTranslator.swift */ = {isa = PBXFileReference; lastKnownFileType = sourcecode.swift; path = GoogleCloudTranslator.swift; sourceTree = "<group>"; };
		93C7D32B24EE11C4002591B4 /* ImagePreview.swift */ = {isa = PBXFileReference; lastKnownFileType = sourcecode.swift; path = ImagePreview.swift; sourceTree = "<group>"; };
		93C7D32D24EF0329002591B4 /* MangaPage.swift */ = {isa = PBXFileReference; lastKnownFileType = sourcecode.swift; path = MangaPage.swift; sourceTree = "<group>"; };
		93C7D32F24EF045C002591B4 /* MangaBook.swift */ = {isa = PBXFileReference; lastKnownFileType = sourcecode.swift; path = MangaBook.swift; sourceTree = "<group>"; };
		93C7D33524EF0CA9002591B4 /* MangaGallery.swift */ = {isa = PBXFileReference; lastKnownFileType = sourcecode.swift; path = MangaGallery.swift; sourceTree = "<group>"; };
		93C7D33724EF13A1002591B4 /* PreviewData.swift */ = {isa = PBXFileReference; lastKnownFileType = sourcecode.swift; path = PreviewData.swift; sourceTree = "<group>"; };
		93C7D33924EF1CDE002591B4 /* MangaPreview.swift */ = {isa = PBXFileReference; lastKnownFileType = sourcecode.swift; path = MangaPreview.swift; sourceTree = "<group>"; };
		93C7D33D24EF1FA7002591B4 /* MangaDetailedView.swift */ = {isa = PBXFileReference; lastKnownFileType = sourcecode.swift; path = MangaDetailedView.swift; sourceTree = "<group>"; };
		93C7D33F24EF224B002591B4 /* MangaCollection.swift */ = {isa = PBXFileReference; lastKnownFileType = sourcecode.swift; path = MangaCollection.swift; sourceTree = "<group>"; };
		93C7D34124EF2932002591B4 /* AddBookButton.swift */ = {isa = PBXFileReference; lastKnownFileType = sourcecode.swift; path = AddBookButton.swift; sourceTree = "<group>"; };
		93C7D34324EF2AA1002591B4 /* AddPageButton.swift */ = {isa = PBXFileReference; lastKnownFileType = sourcecode.swift; path = AddPageButton.swift; sourceTree = "<group>"; };
		93C7D34B24EF3163002591B4 /* Translation.swift */ = {isa = PBXFileReference; lastKnownFileType = sourcecode.swift; path = Translation.swift; sourceTree = "<group>"; };
/* End PBXFileReference section */

/* Begin PBXFrameworksBuildPhase section */
		933604C424E9EC52003985B4 /* Frameworks */ = {
			isa = PBXFrameworksBuildPhase;
			buildActionMask = 2147483647;
			files = (
				DC65B84658417E71622EA889 /* Pods_MangaTranslator.framework in Frameworks */,
			);
			runOnlyForDeploymentPostprocessing = 0;
		};
		933604D524E9EC54003985B4 /* Frameworks */ = {
			isa = PBXFrameworksBuildPhase;
			buildActionMask = 2147483647;
			files = (
			);
			runOnlyForDeploymentPostprocessing = 0;
		};
		933604E024E9EC54003985B4 /* Frameworks */ = {
			isa = PBXFrameworksBuildPhase;
			buildActionMask = 2147483647;
			files = (
			);
			runOnlyForDeploymentPostprocessing = 0;
		};
/* End PBXFrameworksBuildPhase section */

/* Begin PBXGroup section */
		7B46B1D648241958FD394F00 /* Pods */ = {
			isa = PBXGroup;
			children = (
				79195245142FCF26074C0BFB /* Pods-MangaTranslator.debug.xcconfig */,
				4ED1967BD8857202638F4ABC /* Pods-MangaTranslator.release.xcconfig */,
			);
			path = Pods;
			sourceTree = "<group>";
		};
		933604BE24E9EC52003985B4 = {
			isa = PBXGroup;
			children = (
				933604C924E9EC52003985B4 /* MangaTranslator */,
				933604DB24E9EC54003985B4 /* MangaTranslatorTests */,
				933604E624E9EC54003985B4 /* MangaTranslatorUITests */,
				933604C824E9EC52003985B4 /* Products */,
				7B46B1D648241958FD394F00 /* Pods */,
				D9511EB4A4E346A6AED75147 /* Frameworks */,
			);
			sourceTree = "<group>";
		};
		933604C824E9EC52003985B4 /* Products */ = {
			isa = PBXGroup;
			children = (
				933604C724E9EC52003985B4 /* MangaTranslator.app */,
				933604D824E9EC54003985B4 /* MangaTranslatorTests.xctest */,
				933604E324E9EC54003985B4 /* MangaTranslatorUITests.xctest */,
			);
			name = Products;
			sourceTree = "<group>";
		};
		933604C924E9EC52003985B4 /* MangaTranslator */ = {
			isa = PBXGroup;
			children = (
				93403A4224EA298F00C4BF54 /* Preview Content */,
				93403A4024EA27E100C4BF54 /* Resources */,
				933604F524E9EC6E003985B4 /* Source */,
				933604CA24E9EC52003985B4 /* MangaTranslatorApp.swift */,
				933604CE24E9EC54003985B4 /* Assets.xcassets */,
				933604D324E9EC54003985B4 /* Info.plist */,
			);
			path = MangaTranslator;
			sourceTree = "<group>";
		};
		933604DB24E9EC54003985B4 /* MangaTranslatorTests */ = {
			isa = PBXGroup;
			children = (
				933604DC24E9EC54003985B4 /* MangaTranslatorTests.swift */,
				933604DE24E9EC54003985B4 /* Info.plist */,
			);
			path = MangaTranslatorTests;
			sourceTree = "<group>";
		};
		933604E624E9EC54003985B4 /* MangaTranslatorUITests */ = {
			isa = PBXGroup;
			children = (
				933604E724E9EC54003985B4 /* MangaTranslatorUITests.swift */,
				933604E924E9EC54003985B4 /* Info.plist */,
			);
			path = MangaTranslatorUITests;
			sourceTree = "<group>";
		};
		933604F524E9EC6E003985B4 /* Source */ = {
			isa = PBXGroup;
			children = (
				933604F924E9ECB6003985B4 /* Models */,
				93C7D33124EF0BDD002591B4 /* Views */,
				933604FE24E9F61A003985B4 /* Translator */,
			);
			path = Source;
			sourceTree = "<group>";
		};
		933604F924E9ECB6003985B4 /* Models */ = {
			isa = PBXGroup;
			children = (
				93C7D32D24EF0329002591B4 /* MangaPage.swift */,
				93C7D32F24EF045C002591B4 /* MangaBook.swift */,
				93C7D33F24EF224B002591B4 /* MangaCollection.swift */,
			);
			path = Models;
			sourceTree = "<group>";
		};
		933604FE24E9F61A003985B4 /* Translator */ = {
			isa = PBXGroup;
			children = (
				9336050224E9F969003985B4 /* Translator.swift */,
				9336050C24EA1E4A003985B4 /* DummyTranslator.swift */,
				93C7D32724EDC5A5002591B4 /* GoogleCloudTranslator.swift */,
			);
			path = Translator;
			sourceTree = "<group>";
		};
		93403A4024EA27E100C4BF54 /* Resources */ = {
			isa = PBXGroup;
			children = (
				93C7D33724EF13A1002591B4 /* PreviewData.swift */,
			);
			path = Resources;
			sourceTree = "<group>";
		};
		93403A4224EA298F00C4BF54 /* Preview Content */ = {
			isa = PBXGroup;
			children = (
				93403A4324EA298F00C4BF54 /* Preview Assets.xcassets */,
			);
			path = "Preview Content";
			sourceTree = "<group>";
		};
		93C7D33124EF0BDD002591B4 /* Views */ = {
			isa = PBXGroup;
			children = (
				93C7D33424EF0C8E002591B4 /* MangaGallery */,
				93C7D33324EF0C18002591B4 /* Translation */,
				93C7D33224EF0BF3002591B4 /* TranslatedList */,
			);
			path = Views;
			sourceTree = "<group>";
		};
		93C7D33224EF0BF3002591B4 /* TranslatedList */ = {
			isa = PBXGroup;
			children = (
				933604FA24E9ECCE003985B4 /* TranslatedList.swift */,
				933604FC24E9F55F003985B4 /* TranslatedListCell.swift */,
				93C7D34124EF2932002591B4 /* AddBookButton.swift */,
			);
			path = TranslatedList;
			sourceTree = "<group>";
		};
		93C7D33324EF0C18002591B4 /* Translation */ = {
			isa = PBXGroup;
			children = (
				93C7D34B24EF3163002591B4 /* Translation.swift */,
				9336050624E9FA1C003985B4 /* ImagePicker.swift */,
				93C7D32B24EE11C4002591B4 /* ImagePreview.swift */,
			);
			path = Translation;
			sourceTree = "<group>";
		};
		93C7D33424EF0C8E002591B4 /* MangaGallery */ = {
			isa = PBXGroup;
			children = (
				93C7D33524EF0CA9002591B4 /* MangaGallery.swift */,
				93C7D33924EF1CDE002591B4 /* MangaPreview.swift */,
				93C7D33D24EF1FA7002591B4 /* MangaDetailedView.swift */,
				93C7D34324EF2AA1002591B4 /* AddPageButton.swift */,
			);
			path = MangaGallery;
			sourceTree = "<group>";
		};
		D9511EB4A4E346A6AED75147 /* Frameworks */ = {
			isa = PBXGroup;
			children = (
				6754E6F12C8A3D0C9D08161F /* Pods_MangaTranslator.framework */,
			);
			name = Frameworks;
			sourceTree = "<group>";
		};
/* End PBXGroup section */

/* Begin PBXNativeTarget section */
		933604C624E9EC52003985B4 /* MangaTranslator */ = {
			isa = PBXNativeTarget;
			buildConfigurationList = 933604EC24E9EC54003985B4 /* Build configuration list for PBXNativeTarget "MangaTranslator" */;
			buildPhases = (
				B86927026BBE605C32D19A29 /* [CP] Check Pods Manifest.lock */,
				933604C324E9EC52003985B4 /* Sources */,
				933604C424E9EC52003985B4 /* Frameworks */,
				933604C524E9EC52003985B4 /* Resources */,
				C3E4A8C02EB678B1CE7AE4B6 /* [CP] Embed Pods Frameworks */,
			);
			buildRules = (
			);
			dependencies = (
			);
			name = MangaTranslator;
			productName = MangaTranslator;
			productReference = 933604C724E9EC52003985B4 /* MangaTranslator.app */;
			productType = "com.apple.product-type.application";
		};
		933604D724E9EC54003985B4 /* MangaTranslatorTests */ = {
			isa = PBXNativeTarget;
			buildConfigurationList = 933604EF24E9EC54003985B4 /* Build configuration list for PBXNativeTarget "MangaTranslatorTests" */;
			buildPhases = (
				933604D424E9EC54003985B4 /* Sources */,
				933604D524E9EC54003985B4 /* Frameworks */,
				933604D624E9EC54003985B4 /* Resources */,
			);
			buildRules = (
			);
			dependencies = (
				933604DA24E9EC54003985B4 /* PBXTargetDependency */,
			);
			name = MangaTranslatorTests;
			productName = MangaTranslatorTests;
			productReference = 933604D824E9EC54003985B4 /* MangaTranslatorTests.xctest */;
			productType = "com.apple.product-type.bundle.unit-test";
		};
		933604E224E9EC54003985B4 /* MangaTranslatorUITests */ = {
			isa = PBXNativeTarget;
			buildConfigurationList = 933604F224E9EC54003985B4 /* Build configuration list for PBXNativeTarget "MangaTranslatorUITests" */;
			buildPhases = (
				933604DF24E9EC54003985B4 /* Sources */,
				933604E024E9EC54003985B4 /* Frameworks */,
				933604E124E9EC54003985B4 /* Resources */,
			);
			buildRules = (
			);
			dependencies = (
				933604E524E9EC54003985B4 /* PBXTargetDependency */,
			);
			name = MangaTranslatorUITests;
			productName = MangaTranslatorUITests;
			productReference = 933604E324E9EC54003985B4 /* MangaTranslatorUITests.xctest */;
			productType = "com.apple.product-type.bundle.ui-testing";
		};
/* End PBXNativeTarget section */

/* Begin PBXProject section */
		933604BF24E9EC52003985B4 /* Project object */ = {
			isa = PBXProject;
			attributes = {
				LastSwiftUpdateCheck = 1200;
				LastUpgradeCheck = 1200;
				TargetAttributes = {
					933604C624E9EC52003985B4 = {
						CreatedOnToolsVersion = 12.0;
					};
					933604D724E9EC54003985B4 = {
						CreatedOnToolsVersion = 12.0;
						TestTargetID = 933604C624E9EC52003985B4;
					};
					933604E224E9EC54003985B4 = {
						CreatedOnToolsVersion = 12.0;
						TestTargetID = 933604C624E9EC52003985B4;
					};
				};
			};
			buildConfigurationList = 933604C224E9EC52003985B4 /* Build configuration list for PBXProject "MangaTranslator" */;
			compatibilityVersion = "Xcode 9.3";
			developmentRegion = en;
			hasScannedForEncodings = 0;
			knownRegions = (
				en,
				Base,
			);
			mainGroup = 933604BE24E9EC52003985B4;
			productRefGroup = 933604C824E9EC52003985B4 /* Products */;
			projectDirPath = "";
			projectRoot = "";
			targets = (
				933604C624E9EC52003985B4 /* MangaTranslator */,
				933604D724E9EC54003985B4 /* MangaTranslatorTests */,
				933604E224E9EC54003985B4 /* MangaTranslatorUITests */,
			);
		};
/* End PBXProject section */

/* Begin PBXResourcesBuildPhase section */
		933604C524E9EC52003985B4 /* Resources */ = {
			isa = PBXResourcesBuildPhase;
			buildActionMask = 2147483647;
			files = (
				93403A4424EA298F00C4BF54 /* Preview Assets.xcassets in Resources */,
				933604CF24E9EC54003985B4 /* Assets.xcassets in Resources */,
			);
			runOnlyForDeploymentPostprocessing = 0;
		};
		933604D624E9EC54003985B4 /* Resources */ = {
			isa = PBXResourcesBuildPhase;
			buildActionMask = 2147483647;
			files = (
			);
			runOnlyForDeploymentPostprocessing = 0;
		};
		933604E124E9EC54003985B4 /* Resources */ = {
			isa = PBXResourcesBuildPhase;
			buildActionMask = 2147483647;
			files = (
			);
			runOnlyForDeploymentPostprocessing = 0;
		};
/* End PBXResourcesBuildPhase section */

/* Begin PBXShellScriptBuildPhase section */
		B86927026BBE605C32D19A29 /* [CP] Check Pods Manifest.lock */ = {
			isa = PBXShellScriptBuildPhase;
			buildActionMask = 2147483647;
			files = (
			);
			inputFileListPaths = (
			);
			inputPaths = (
				"${PODS_PODFILE_DIR_PATH}/Podfile.lock",
				"${PODS_ROOT}/Manifest.lock",
			);
			name = "[CP] Check Pods Manifest.lock";
			outputFileListPaths = (
			);
			outputPaths = (
				"$(DERIVED_FILE_DIR)/Pods-MangaTranslator-checkManifestLockResult.txt",
			);
			runOnlyForDeploymentPostprocessing = 0;
			shellPath = /bin/sh;
			shellScript = "diff \"${PODS_PODFILE_DIR_PATH}/Podfile.lock\" \"${PODS_ROOT}/Manifest.lock\" > /dev/null\nif [ $? != 0 ] ; then\n    # print error to STDERR\n    echo \"error: The sandbox is not in sync with the Podfile.lock. Run 'pod install' or update your CocoaPods installation.\" >&2\n    exit 1\nfi\n# This output is used by Xcode 'outputs' to avoid re-running this script phase.\necho \"SUCCESS\" > \"${SCRIPT_OUTPUT_FILE_0}\"\n";
			showEnvVarsInLog = 0;
		};
		C3E4A8C02EB678B1CE7AE4B6 /* [CP] Embed Pods Frameworks */ = {
			isa = PBXShellScriptBuildPhase;
			buildActionMask = 2147483647;
			files = (
			);
			inputFileListPaths = (
				"${PODS_ROOT}/Target Support Files/Pods-MangaTranslator/Pods-MangaTranslator-frameworks-${CONFIGURATION}-input-files.xcfilelist",
			);
			name = "[CP] Embed Pods Frameworks";
			outputFileListPaths = (
				"${PODS_ROOT}/Target Support Files/Pods-MangaTranslator/Pods-MangaTranslator-frameworks-${CONFIGURATION}-output-files.xcfilelist",
			);
			runOnlyForDeploymentPostprocessing = 0;
			shellPath = /bin/sh;
			shellScript = "\"${PODS_ROOT}/Target Support Files/Pods-MangaTranslator/Pods-MangaTranslator-frameworks.sh\"\n";
			showEnvVarsInLog = 0;
		};
/* End PBXShellScriptBuildPhase section */

/* Begin PBXSourcesBuildPhase section */
		933604C324E9EC52003985B4 /* Sources */ = {
			isa = PBXSourcesBuildPhase;
			buildActionMask = 2147483647;
			files = (
				93C7D32824EDC5A6002591B4 /* GoogleCloudTranslator.swift in Sources */,
				9336050D24EA1E4A003985B4 /* DummyTranslator.swift in Sources */,
				933604FD24E9F55F003985B4 /* TranslatedListCell.swift in Sources */,
				93C7D34224EF2932002591B4 /* AddBookButton.swift in Sources */,
				93C7D33824EF13A1002591B4 /* PreviewData.swift in Sources */,
				93C7D33624EF0CA9002591B4 /* MangaGallery.swift in Sources */,
				93C7D33024EF045C002591B4 /* MangaBook.swift in Sources */,
				93C7D32C24EE11C4002591B4 /* ImagePreview.swift in Sources */,
				9336050324E9F969003985B4 /* Translator.swift in Sources */,
				9336050724E9FA1C003985B4 /* ImagePicker.swift in Sources */,
				93C7D33A24EF1CDE002591B4 /* MangaPreview.swift in Sources */,
				933604FB24E9ECCE003985B4 /* TranslatedList.swift in Sources */,
				933604CB24E9EC52003985B4 /* MangaTranslatorApp.swift in Sources */,
				93C7D33E24EF1FA7002591B4 /* MangaDetailedView.swift in Sources */,
				93C7D32E24EF0329002591B4 /* MangaPage.swift in Sources */,
				93C7D34024EF224B002591B4 /* MangaCollection.swift in Sources */,
				93C7D34424EF2AA1002591B4 /* AddPageButton.swift in Sources */,
				93C7D34C24EF3163002591B4 /* Translation.swift in Sources */,
			);
			runOnlyForDeploymentPostprocessing = 0;
		};
		933604D424E9EC54003985B4 /* Sources */ = {
			isa = PBXSourcesBuildPhase;
			buildActionMask = 2147483647;
			files = (
				933604DD24E9EC54003985B4 /* MangaTranslatorTests.swift in Sources */,
			);
			runOnlyForDeploymentPostprocessing = 0;
		};
		933604DF24E9EC54003985B4 /* Sources */ = {
			isa = PBXSourcesBuildPhase;
			buildActionMask = 2147483647;
			files = (
				933604E824E9EC54003985B4 /* MangaTranslatorUITests.swift in Sources */,
			);
			runOnlyForDeploymentPostprocessing = 0;
		};
/* End PBXSourcesBuildPhase section */

/* Begin PBXTargetDependency section */
		933604DA24E9EC54003985B4 /* PBXTargetDependency */ = {
			isa = PBXTargetDependency;
			target = 933604C624E9EC52003985B4 /* MangaTranslator */;
			targetProxy = 933604D924E9EC54003985B4 /* PBXContainerItemProxy */;
		};
		933604E524E9EC54003985B4 /* PBXTargetDependency */ = {
			isa = PBXTargetDependency;
			target = 933604C624E9EC52003985B4 /* MangaTranslator */;
			targetProxy = 933604E424E9EC54003985B4 /* PBXContainerItemProxy */;
		};
/* End PBXTargetDependency section */

/* Begin XCBuildConfiguration section */
		933604EA24E9EC54003985B4 /* Debug */ = {
			isa = XCBuildConfiguration;
			buildSettings = {
				ALWAYS_SEARCH_USER_PATHS = NO;
				CLANG_ANALYZER_NONNULL = YES;
				CLANG_ANALYZER_NUMBER_OBJECT_CONVERSION = YES_AGGRESSIVE;
				CLANG_CXX_LANGUAGE_STANDARD = "gnu++14";
				CLANG_CXX_LIBRARY = "libc++";
				CLANG_ENABLE_MODULES = YES;
				CLANG_ENABLE_OBJC_ARC = YES;
				CLANG_ENABLE_OBJC_WEAK = YES;
				CLANG_WARN_BLOCK_CAPTURE_AUTORELEASING = YES;
				CLANG_WARN_BOOL_CONVERSION = YES;
				CLANG_WARN_COMMA = YES;
				CLANG_WARN_CONSTANT_CONVERSION = YES;
				CLANG_WARN_DEPRECATED_OBJC_IMPLEMENTATIONS = YES;
				CLANG_WARN_DIRECT_OBJC_ISA_USAGE = YES_ERROR;
				CLANG_WARN_DOCUMENTATION_COMMENTS = YES;
				CLANG_WARN_EMPTY_BODY = YES;
				CLANG_WARN_ENUM_CONVERSION = YES;
				CLANG_WARN_INFINITE_RECURSION = YES;
				CLANG_WARN_INT_CONVERSION = YES;
				CLANG_WARN_NON_LITERAL_NULL_CONVERSION = YES;
				CLANG_WARN_OBJC_IMPLICIT_RETAIN_SELF = YES;
				CLANG_WARN_OBJC_LITERAL_CONVERSION = YES;
				CLANG_WARN_OBJC_ROOT_CLASS = YES_ERROR;
				CLANG_WARN_QUOTED_INCLUDE_IN_FRAMEWORK_HEADER = YES;
				CLANG_WARN_RANGE_LOOP_ANALYSIS = YES;
				CLANG_WARN_STRICT_PROTOTYPES = YES;
				CLANG_WARN_SUSPICIOUS_MOVE = YES;
				CLANG_WARN_UNGUARDED_AVAILABILITY = YES_AGGRESSIVE;
				CLANG_WARN_UNREACHABLE_CODE = YES;
				CLANG_WARN__DUPLICATE_METHOD_MATCH = YES;
				COPY_PHASE_STRIP = NO;
				DEBUG_INFORMATION_FORMAT = dwarf;
				ENABLE_STRICT_OBJC_MSGSEND = YES;
				ENABLE_TESTABILITY = YES;
				GCC_C_LANGUAGE_STANDARD = gnu11;
				GCC_DYNAMIC_NO_PIC = NO;
				GCC_NO_COMMON_BLOCKS = YES;
				GCC_OPTIMIZATION_LEVEL = 0;
				GCC_PREPROCESSOR_DEFINITIONS = (
					"DEBUG=1",
					"$(inherited)",
				);
				GCC_WARN_64_TO_32_BIT_CONVERSION = YES;
				GCC_WARN_ABOUT_RETURN_TYPE = YES_ERROR;
				GCC_WARN_UNDECLARED_SELECTOR = YES;
				GCC_WARN_UNINITIALIZED_AUTOS = YES_AGGRESSIVE;
				GCC_WARN_UNUSED_FUNCTION = YES;
				GCC_WARN_UNUSED_VARIABLE = YES;
				IPHONEOS_DEPLOYMENT_TARGET = 14.0;
				MTL_ENABLE_DEBUG_INFO = INCLUDE_SOURCE;
				MTL_FAST_MATH = YES;
				ONLY_ACTIVE_ARCH = YES;
				SDKROOT = iphoneos;
				SWIFT_ACTIVE_COMPILATION_CONDITIONS = DEBUG;
				SWIFT_OPTIMIZATION_LEVEL = "-Onone";
			};
			name = Debug;
		};
		933604EB24E9EC54003985B4 /* Release */ = {
			isa = XCBuildConfiguration;
			buildSettings = {
				ALWAYS_SEARCH_USER_PATHS = NO;
				CLANG_ANALYZER_NONNULL = YES;
				CLANG_ANALYZER_NUMBER_OBJECT_CONVERSION = YES_AGGRESSIVE;
				CLANG_CXX_LANGUAGE_STANDARD = "gnu++14";
				CLANG_CXX_LIBRARY = "libc++";
				CLANG_ENABLE_MODULES = YES;
				CLANG_ENABLE_OBJC_ARC = YES;
				CLANG_ENABLE_OBJC_WEAK = YES;
				CLANG_WARN_BLOCK_CAPTURE_AUTORELEASING = YES;
				CLANG_WARN_BOOL_CONVERSION = YES;
				CLANG_WARN_COMMA = YES;
				CLANG_WARN_CONSTANT_CONVERSION = YES;
				CLANG_WARN_DEPRECATED_OBJC_IMPLEMENTATIONS = YES;
				CLANG_WARN_DIRECT_OBJC_ISA_USAGE = YES_ERROR;
				CLANG_WARN_DOCUMENTATION_COMMENTS = YES;
				CLANG_WARN_EMPTY_BODY = YES;
				CLANG_WARN_ENUM_CONVERSION = YES;
				CLANG_WARN_INFINITE_RECURSION = YES;
				CLANG_WARN_INT_CONVERSION = YES;
				CLANG_WARN_NON_LITERAL_NULL_CONVERSION = YES;
				CLANG_WARN_OBJC_IMPLICIT_RETAIN_SELF = YES;
				CLANG_WARN_OBJC_LITERAL_CONVERSION = YES;
				CLANG_WARN_OBJC_ROOT_CLASS = YES_ERROR;
				CLANG_WARN_QUOTED_INCLUDE_IN_FRAMEWORK_HEADER = YES;
				CLANG_WARN_RANGE_LOOP_ANALYSIS = YES;
				CLANG_WARN_STRICT_PROTOTYPES = YES;
				CLANG_WARN_SUSPICIOUS_MOVE = YES;
				CLANG_WARN_UNGUARDED_AVAILABILITY = YES_AGGRESSIVE;
				CLANG_WARN_UNREACHABLE_CODE = YES;
				CLANG_WARN__DUPLICATE_METHOD_MATCH = YES;
				COPY_PHASE_STRIP = NO;
				DEBUG_INFORMATION_FORMAT = "dwarf-with-dsym";
				ENABLE_NS_ASSERTIONS = NO;
				ENABLE_STRICT_OBJC_MSGSEND = YES;
				GCC_C_LANGUAGE_STANDARD = gnu11;
				GCC_NO_COMMON_BLOCKS = YES;
				GCC_WARN_64_TO_32_BIT_CONVERSION = YES;
				GCC_WARN_ABOUT_RETURN_TYPE = YES_ERROR;
				GCC_WARN_UNDECLARED_SELECTOR = YES;
				GCC_WARN_UNINITIALIZED_AUTOS = YES_AGGRESSIVE;
				GCC_WARN_UNUSED_FUNCTION = YES;
				GCC_WARN_UNUSED_VARIABLE = YES;
				IPHONEOS_DEPLOYMENT_TARGET = 14.0;
				MTL_ENABLE_DEBUG_INFO = NO;
				MTL_FAST_MATH = YES;
				SDKROOT = iphoneos;
				SWIFT_COMPILATION_MODE = wholemodule;
				SWIFT_OPTIMIZATION_LEVEL = "-O";
				VALIDATE_PRODUCT = YES;
			};
			name = Release;
		};
		933604ED24E9EC54003985B4 /* Debug */ = {
			isa = XCBuildConfiguration;
			baseConfigurationReference = 79195245142FCF26074C0BFB /* Pods-MangaTranslator.debug.xcconfig */;
			buildSettings = {
				ASSETCATALOG_COMPILER_APPICON_NAME = AppIcon;
				ASSETCATALOG_COMPILER_GLOBAL_ACCENT_COLOR_NAME = AccentColor;
				CODE_SIGN_STYLE = Automatic;
				DEVELOPMENT_ASSET_PATHS = "\"MangaTranslator/Preview Content\"";
				ENABLE_PREVIEWS = YES;
				INFOPLIST_FILE = MangaTranslator/Info.plist;
				IPHONEOS_DEPLOYMENT_TARGET = 14.0;
				LD_RUNPATH_SEARCH_PATHS = (
					"$(inherited)",
					"@executable_path/Frameworks",
				);
				PRODUCT_BUNDLE_IDENTIFIER = com.bowenng.MangaTranslator;
				PRODUCT_NAME = "$(TARGET_NAME)";
				SWIFT_VERSION = 5.0;
				TARGETED_DEVICE_FAMILY = "1,2";
			};
			name = Debug;
		};
		933604EE24E9EC54003985B4 /* Release */ = {
			isa = XCBuildConfiguration;
			baseConfigurationReference = 4ED1967BD8857202638F4ABC /* Pods-MangaTranslator.release.xcconfig */;
			buildSettings = {
				ASSETCATALOG_COMPILER_APPICON_NAME = AppIcon;
				ASSETCATALOG_COMPILER_GLOBAL_ACCENT_COLOR_NAME = AccentColor;
				CODE_SIGN_STYLE = Automatic;
				DEVELOPMENT_ASSET_PATHS = "\"MangaTranslator/Preview Content\"";
				ENABLE_PREVIEWS = YES;
				INFOPLIST_FILE = MangaTranslator/Info.plist;
				IPHONEOS_DEPLOYMENT_TARGET = 14.0;
				LD_RUNPATH_SEARCH_PATHS = (
					"$(inherited)",
					"@executable_path/Frameworks",
				);
				PRODUCT_BUNDLE_IDENTIFIER = com.bowenng.MangaTranslator;
				PRODUCT_NAME = "$(TARGET_NAME)";
				SWIFT_VERSION = 5.0;
				TARGETED_DEVICE_FAMILY = "1,2";
			};
			name = Release;
		};
		933604F024E9EC54003985B4 /* Debug */ = {
			isa = XCBuildConfiguration;
			buildSettings = {
				ALWAYS_EMBED_SWIFT_STANDARD_LIBRARIES = YES;
				BUNDLE_LOADER = "$(TEST_HOST)";
				CODE_SIGN_STYLE = Automatic;
				INFOPLIST_FILE = MangaTranslatorTests/Info.plist;
				IPHONEOS_DEPLOYMENT_TARGET = 14.0;
				LD_RUNPATH_SEARCH_PATHS = (
					"$(inherited)",
					"@executable_path/Frameworks",
					"@loader_path/Frameworks",
				);
				PRODUCT_BUNDLE_IDENTIFIER = com.bowenng.MangaTranslatorTests;
				PRODUCT_NAME = "$(TARGET_NAME)";
				SWIFT_VERSION = 5.0;
				TARGETED_DEVICE_FAMILY = "1,2";
				TEST_HOST = "$(BUILT_PRODUCTS_DIR)/MangaTranslator.app/MangaTranslator";
			};
			name = Debug;
		};
		933604F124E9EC54003985B4 /* Release */ = {
			isa = XCBuildConfiguration;
			buildSettings = {
				ALWAYS_EMBED_SWIFT_STANDARD_LIBRARIES = YES;
				BUNDLE_LOADER = "$(TEST_HOST)";
				CODE_SIGN_STYLE = Automatic;
				INFOPLIST_FILE = MangaTranslatorTests/Info.plist;
				IPHONEOS_DEPLOYMENT_TARGET = 14.0;
				LD_RUNPATH_SEARCH_PATHS = (
					"$(inherited)",
					"@executable_path/Frameworks",
					"@loader_path/Frameworks",
				);
				PRODUCT_BUNDLE_IDENTIFIER = com.bowenng.MangaTranslatorTests;
				PRODUCT_NAME = "$(TARGET_NAME)";
				SWIFT_VERSION = 5.0;
				TARGETED_DEVICE_FAMILY = "1,2";
				TEST_HOST = "$(BUILT_PRODUCTS_DIR)/MangaTranslator.app/MangaTranslator";
			};
			name = Release;
		};
		933604F324E9EC54003985B4 /* Debug */ = {
			isa = XCBuildConfiguration;
			buildSettings = {
				ALWAYS_EMBED_SWIFT_STANDARD_LIBRARIES = YES;
				CODE_SIGN_STYLE = Automatic;
				INFOPLIST_FILE = MangaTranslatorUITests/Info.plist;
				LD_RUNPATH_SEARCH_PATHS = (
					"$(inherited)",
					"@executable_path/Frameworks",
					"@loader_path/Frameworks",
				);
				PRODUCT_BUNDLE_IDENTIFIER = com.bowenng.MangaTranslatorUITests;
				PRODUCT_NAME = "$(TARGET_NAME)";
				SWIFT_VERSION = 5.0;
				TARGETED_DEVICE_FAMILY = "1,2";
				TEST_TARGET_NAME = MangaTranslator;
			};
			name = Debug;
		};
		933604F424E9EC54003985B4 /* Release */ = {
			isa = XCBuildConfiguration;
			buildSettings = {
				ALWAYS_EMBED_SWIFT_STANDARD_LIBRARIES = YES;
				CODE_SIGN_STYLE = Automatic;
				INFOPLIST_FILE = MangaTranslatorUITests/Info.plist;
				LD_RUNPATH_SEARCH_PATHS = (
					"$(inherited)",
					"@executable_path/Frameworks",
					"@loader_path/Frameworks",
				);
				PRODUCT_BUNDLE_IDENTIFIER = com.bowenng.MangaTranslatorUITests;
				PRODUCT_NAME = "$(TARGET_NAME)";
				SWIFT_VERSION = 5.0;
				TARGETED_DEVICE_FAMILY = "1,2";
				TEST_TARGET_NAME = MangaTranslator;
			};
			name = Release;
		};
/* End XCBuildConfiguration section */

/* Begin XCConfigurationList section */
		933604C224E9EC52003985B4 /* Build configuration list for PBXProject "MangaTranslator" */ = {
			isa = XCConfigurationList;
			buildConfigurations = (
				933604EA24E9EC54003985B4 /* Debug */,
				933604EB24E9EC54003985B4 /* Release */,
			);
			defaultConfigurationIsVisible = 0;
			defaultConfigurationName = Release;
		};
		933604EC24E9EC54003985B4 /* Build configuration list for PBXNativeTarget "MangaTranslator" */ = {
			isa = XCConfigurationList;
			buildConfigurations = (
				933604ED24E9EC54003985B4 /* Debug */,
				933604EE24E9EC54003985B4 /* Release */,
			);
			defaultConfigurationIsVisible = 0;
			defaultConfigurationName = Release;
		};
		933604EF24E9EC54003985B4 /* Build configuration list for PBXNativeTarget "MangaTranslatorTests" */ = {
			isa = XCConfigurationList;
			buildConfigurations = (
				933604F024E9EC54003985B4 /* Debug */,
				933604F124E9EC54003985B4 /* Release */,
			);
			defaultConfigurationIsVisible = 0;
			defaultConfigurationName = Release;
		};
		933604F224E9EC54003985B4 /* Build configuration list for PBXNativeTarget "MangaTranslatorUITests" */ = {
			isa = XCConfigurationList;
			buildConfigurations = (
				933604F324E9EC54003985B4 /* Debug */,
				933604F424E9EC54003985B4 /* Release */,
			);
			defaultConfigurationIsVisible = 0;
			defaultConfigurationName = Release;
		};
/* End XCConfigurationList section */
	};
	rootObject = 933604BF24E9EC52003985B4 /* Project object */;
}
